
Microsoft Visual Studio Solution File, Format Version 12.00
# Visual Studio Version 16
VisualStudioVersion = 16.0.31702.278
MinimumVisualStudioVersion = 10.0.40219.1
Project("{FAE04EC0-301F-11D3-BF4B-00C04F79EFBC}") = "Assignment2", "Assignment2.csproj", "{787280FA-502D-41DF-93C8-9DF5CDAFDD70}"
EndProject
Global
	GlobalSection(SolutionConfigurationPlatforms) = preSolution
		Debug|Any CPU = Debug|Any CPU
		Release|Any CPU = Release|Any CPU
	EndGlobalSection
	GlobalSection(ProjectConfigurationPlatforms) = postSolution
		{787280FA-502D-41DF-93C8-9DF5CDAFDD70}.Debug|Any CPU.ActiveCfg = Debug|Any CPU
		{787280FA-502D-41DF-93C8-9DF5CDAFDD70}.Debug|Any CPU.Build.0 = Debug|Any CPU
		{787280FA-502D-41DF-93C8-9DF5CDAFDD70}.Release|Any CPU.ActiveCfg = Release|Any CPU
		{787280FA-502D-41DF-93C8-9DF5CDAFDD70}.Release|Any CPU.Build.0 = Release|Any CPU
	EndGlobalSection
	GlobalSection(SolutionProperties) = preSolution
		HideSolutionNode = FALSE
	EndGlobalSection
	GlobalSection(ExtensibilityGlobals) = postSolution
		SolutionGuid = {CC1BA160-9916-472F-BF7A-C0F0D112D09C}
	EndGlobalSection
EndGlobal
